// !$*UTF8*$!
{
	archiveVersion = 1;
	classes = {
	};
	objectVersion = 50;
	objects = {

/* Begin PBXBuildFile section */
		B318FB9E26195CE90074C2A9 /* CollectionModel.swift in Sources */ = {isa = PBXBuildFile; fileRef = B318FB9D26195CE90074C2A9 /* CollectionModel.swift */; };
		B318FBA326195D580074C2A9 /* CustomTableViewCell.swift in Sources */ = {isa = PBXBuildFile; fileRef = B318FBA126195D580074C2A9 /* CustomTableViewCell.swift */; };
		B318FBA426195D580074C2A9 /* CustomTableViewCell.xib in Resources */ = {isa = PBXBuildFile; fileRef = B318FBA226195D580074C2A9 /* CustomTableViewCell.xib */; };
		B318FBAD26195DA10074C2A9 /* CustomCollectionViewCell.swift in Sources */ = {isa = PBXBuildFile; fileRef = B318FBAB26195DA10074C2A9 /* CustomCollectionViewCell.swift */; };
		B318FBAE26195DA10074C2A9 /* CustomCollectionViewCell.xib in Resources */ = {isa = PBXBuildFile; fileRef = B318FBAC26195DA10074C2A9 /* CustomCollectionViewCell.xib */; };
		B34BD93E2618D64C00C9FBC3 /* AppDelegate.swift in Sources */ = {isa = PBXBuildFile; fileRef = B34BD93D2618D64C00C9FBC3 /* AppDelegate.swift */; };
		B34BD9402618D64C00C9FBC3 /* SceneDelegate.swift in Sources */ = {isa = PBXBuildFile; fileRef = B34BD93F2618D64C00C9FBC3 /* SceneDelegate.swift */; };
		B34BD9422618D64C00C9FBC3 /* ViewController.swift in Sources */ = {isa = PBXBuildFile; fileRef = B34BD9412618D64C00C9FBC3 /* ViewController.swift */; };
		B34BD9452618D64C00C9FBC3 /* Main.storyboard in Resources */ = {isa = PBXBuildFile; fileRef = B34BD9432618D64C00C9FBC3 /* Main.storyboard */; };
		B34BD9472618D64F00C9FBC3 /* Assets.xcassets in Resources */ = {isa = PBXBuildFile; fileRef = B34BD9462618D64F00C9FBC3 /* Assets.xcassets */; };
		B34BD94A2618D64F00C9FBC3 /* LaunchScreen.storyboard in Resources */ = {isa = PBXBuildFile; fileRef = B34BD9482618D64F00C9FBC3 /* LaunchScreen.storyboard */; };
/* End PBXBuildFile section */

/* Begin PBXFileReference section */
		B318FB9D26195CE90074C2A9 /* CollectionModel.swift */ = {isa = PBXFileReference; lastKnownFileType = sourcecode.swift; path = CollectionModel.swift; sourceTree = "<group>"; };
		B318FBA126195D580074C2A9 /* CustomTableViewCell.swift */ = {isa = PBXFileReference; lastKnownFileType = sourcecode.swift; path = CustomTableViewCell.swift; sourceTree = "<group>"; };
		B318FBA226195D580074C2A9 /* CustomTableViewCell.xib */ = {isa = PBXFileReference; lastKnownFileType = file.xib; path = CustomTableViewCell.xib; sourceTree = "<group>"; };
		B318FBAB26195DA10074C2A9 /* CustomCollectionViewCell.swift */ = {isa = PBXFileReference; lastKnownFileType = sourcecode.swift; path = CustomCollectionViewCell.swift; sourceTree = "<group>"; };
		B318FBAC26195DA10074C2A9 /* CustomCollectionViewCell.xib */ = {isa = PBXFileReference; lastKnownFileType = file.xib; path = CustomCollectionViewCell.xib; sourceTree = "<group>"; };
		B34BD93A2618D64C00C9FBC3 /* TrianglePrint.app */ = {isa = PBXFileReference; explicitFileType = wrapper.application; includeInIndex = 0; path = TrianglePrint.app; sourceTree = BUILT_PRODUCTS_DIR; };
		B34BD93D2618D64C00C9FBC3 /* AppDelegate.swift */ = {isa = PBXFileReference; lastKnownFileType = sourcecode.swift; path = AppDelegate.swift; sourceTree = "<group>"; };
		B34BD93F2618D64C00C9FBC3 /* SceneDelegate.swift */ = {isa = PBXFileReference; lastKnownFileType = sourcecode.swift; path = SceneDelegate.swift; sourceTree = "<group>"; };
		B34BD9412618D64C00C9FBC3 /* ViewController.swift */ = {isa = PBXFileReference; lastKnownFileType = sourcecode.swift; path = ViewController.swift; sourceTree = "<group>"; };
		B34BD9442618D64C00C9FBC3 /* Base */ = {isa = PBXFileReference; lastKnownFileType = file.storyboard; name = Base; path = Base.lproj/Main.storyboard; sourceTree = "<group>"; };
		B34BD9462618D64F00C9FBC3 /* Assets.xcassets */ = {isa = PBXFileReference; lastKnownFileType = folder.assetcatalog; path = Assets.xcassets; sourceTree = "<group>"; };
		B34BD9492618D64F00C9FBC3 /* Base */ = {isa = PBXFileReference; lastKnownFileType = file.storyboard; name = Base; path = Base.lproj/LaunchScreen.storyboard; sourceTree = "<group>"; };
		B34BD94B2618D64F00C9FBC3 /* Info.plist */ = {isa = PBXFileReference; lastKnownFileType = text.plist.xml; path = Info.plist; sourceTree = "<group>"; };
/* End PBXFileReference section */

/* Begin PBXFrameworksBuildPhase section */
		B34BD9372618D64C00C9FBC3 /* Frameworks */ = {
			isa = PBXFrameworksBuildPhase;
			buildActionMask = 2147483647;
			files = (
			);
			runOnlyForDeploymentPostprocessing = 0;
		};
/* End PBXFrameworksBuildPhase section */

/* Begin PBXGroup section */
		B318FB8A261957700074C2A9 /* TableElements */ = {
			isa = PBXGroup;
			children = (
				B318FBA126195D580074C2A9 /* CustomTableViewCell.swift */,
				B318FBA226195D580074C2A9 /* CustomTableViewCell.xib */,
			);
			path = TableElements;
			sourceTree = "<group>";
		};
		B318FB8B2619577B0074C2A9 /* CollectionElements */ = {
			isa = PBXGroup;
			children = (
				B318FBAB26195DA10074C2A9 /* CustomCollectionViewCell.swift */,
				B318FBAC26195DA10074C2A9 /* CustomCollectionViewCell.xib */,
			);
			path = CollectionElements;
			sourceTree = "<group>";
		};
		B318FB932619585F0074C2A9 /* Model */ = {
			isa = PBXGroup;
			children = (
				B318FB9D26195CE90074C2A9 /* CollectionModel.swift */,
			);
			path = Model;
			sourceTree = "<group>";
		};
		B34BD9312618D64B00C9FBC3 = {
			isa = PBXGroup;
			children = (
				B34BD93C2618D64C00C9FBC3 /* TrianglePrint */,
				B34BD93B2618D64C00C9FBC3 /* Products */,
			);
			sourceTree = "<group>";
		};
		B34BD93B2618D64C00C9FBC3 /* Products */ = {
			isa = PBXGroup;
			children = (
				B34BD93A2618D64C00C9FBC3 /* TrianglePrint.app */,
			);
			name = Products;
			sourceTree = "<group>";
		};
		B34BD93C2618D64C00C9FBC3 /* TrianglePrint */ = {
			isa = PBXGroup;
			children = (
				B3BB406A26196A55007F8558 /* Delegates */,
				B318FB932619585F0074C2A9 /* Model */,
				B318FB8B2619577B0074C2A9 /* CollectionElements */,
				B318FB8A261957700074C2A9 /* TableElements */,
				B34BD9412618D64C00C9FBC3 /* ViewController.swift */,
				B34BD9432618D64C00C9FBC3 /* Main.storyboard */,
				B34BD9462618D64F00C9FBC3 /* Assets.xcassets */,
				B34BD9482618D64F00C9FBC3 /* LaunchScreen.storyboard */,
				B34BD94B2618D64F00C9FBC3 /* Info.plist */,
			);
			path = TrianglePrint;
			sourceTree = "<group>";
		};
		B3BB406A26196A55007F8558 /* Delegates */ = {
			isa = PBXGroup;
			children = (
				B34BD93D2618D64C00C9FBC3 /* AppDelegate.swift */,
				B34BD93F2618D64C00C9FBC3 /* SceneDelegate.swift */,
			);
			path = Delegates;
			sourceTree = "<group>";
		};
/* End PBXGroup section */

/* Begin PBXNativeTarget section */
		B34BD9392618D64C00C9FBC3 /* TrianglePrint */ = {
			isa = PBXNativeTarget;
			buildConfigurationList = B34BD94E2618D64F00C9FBC3 /* Build configuration list for PBXNativeTarget "TrianglePrint" */;
			buildPhases = (
				B34BD9362618D64C00C9FBC3 /* Sources */,
				B34BD9372618D64C00C9FBC3 /* Frameworks */,
				B34BD9382618D64C00C9FBC3 /* Resources */,
			);
			buildRules = (
			);
			dependencies = (
			);
			name = TrianglePrint;
			productName = TrianglePrint;
			productReference = B34BD93A2618D64C00C9FBC3 /* TrianglePrint.app */;
			productType = "com.apple.product-type.application";
		};
/* End PBXNativeTarget section */

/* Begin PBXProject section */
		B34BD9322618D64B00C9FBC3 /* Project object */ = {
			isa = PBXProject;
			attributes = {
				LastSwiftUpdateCheck = 1240;
				LastUpgradeCheck = 1240;
				TargetAttributes = {
					B34BD9392618D64C00C9FBC3 = {
						CreatedOnToolsVersion = 12.4;
					};
				};
			};
			buildConfigurationList = B34BD9352618D64B00C9FBC3 /* Build configuration list for PBXProject "TrianglePrint" */;
			compatibilityVersion = "Xcode 9.3";
			developmentRegion = en;
			hasScannedForEncodings = 0;
			knownRegions = (
				en,
				Base,
			);
			mainGroup = B34BD9312618D64B00C9FBC3;
			productRefGroup = B34BD93B2618D64C00C9FBC3 /* Products */;
			projectDirPath = "";
			projectRoot = "";
			targets = (
				B34BD9392618D64C00C9FBC3 /* TrianglePrint */,
			);
		};
/* End PBXProject section */

/* Begin PBXResourcesBuildPhase section */
		B34BD9382618D64C00C9FBC3 /* Resources */ = {
			isa = PBXResourcesBuildPhase;
			buildActionMask = 2147483647;
			files = (
				B318FBAE26195DA10074C2A9 /* CustomCollectionViewCell.xib in Resources */,
				B34BD94A2618D64F00C9FBC3 /* LaunchScreen.storyboard in Resources */,
				B34BD9472618D64F00C9FBC3 /* Assets.xcassets in Resources */,
				B318FBA426195D580074C2A9 /* CustomTableViewCell.xib in Resources */,
				B34BD9452618D64C00C9FBC3 /* Main.storyboard in Resources */,
			);
			runOnlyForDeploymentPostprocessing = 0;
		};
/* End PBXResourcesBuildPhase section */

/* Begin PBXSourcesBuildPhase section */
		B34BD9362618D64C00C9FBC3 /* Sources */ = {
			isa = PBXSourcesBuildPhase;
			buildActionMask = 2147483647;
			files = (
				B318FBA326195D580074C2A9 /* CustomTableViewCell.swift in Sources */,
				B318FBAD26195DA10074C2A9 /* CustomCollectionViewCell.swift in Sources */,
				B34BD9422618D64C00C9FBC3 /* ViewController.swift in Sources */,
				B318FB9E26195CE90074C2A9 /* CollectionModel.swift in Sources */,
				B34BD93E2618D64C00C9FBC3 /* AppDelegate.swift in Sources */,
				B34BD9402618D64C00C9FBC3 /* SceneDelegate.swift in Sources */,
			);
			runOnlyForDeploymentPostprocessing = 0;
		};
/* End PBXSourcesBuildPhase section */

/* Begin PBXVariantGroup section */
		B34BD9432618D64C00C9FBC3 /* Main.storyboard */ = {
			isa = PBXVariantGroup;
			children = (
				B34BD9442618D64C00C9FBC3 /* Base */,
			);
			name = Main.storyboard;
			sourceTree = "<group>";
		};
		B34BD9482618D64F00C9FBC3 /* LaunchScreen.storyboard */ = {
			isa = PBXVariantGroup;
			children = (
				B34BD9492618D64F00C9FBC3 /* Base */,
			);
			name = LaunchScreen.storyboard;
			sourceTree = "<group>";
		};
/* End PBXVariantGroup section */

/* Begin XCBuildConfiguration section */
		B34BD94C2618D64F00C9FBC3 /* Debug */ = {
			isa = XCBuildConfiguration;
			buildSettings = {
				ALWAYS_SEARCH_USER_PATHS = NO;
				CLANG_ANALYZER_NONNULL = YES;
				CLANG_ANALYZER_NUMBER_OBJECT_CONVERSION = YES_AGGRESSIVE;
				CLANG_CXX_LANGUAGE_STANDARD = "gnu++14";
				CLANG_CXX_LIBRARY = "libc++";
				CLANG_ENABLE_MODULES = YES;
				CLANG_ENABLE_OBJC_ARC = YES;
				CLANG_ENABLE_OBJC_WEAK = YES;
				CLANG_WARN_BLOCK_CAPTURE_AUTORELEASING = YES;
				CLANG_WARN_BOOL_CONVERSION = YES;
				CLANG_WARN_COMMA = YES;
				CLANG_WARN_CONSTANT_CONVERSION = YES;
				CLANG_WARN_DEPRECATED_OBJC_IMPLEMENTATIONS = YES;
				CLANG_WARN_DIRECT_OBJC_ISA_USAGE = YES_ERROR;
				CLANG_WARN_DOCUMENTATION_COMMENTS = YES;
				CLANG_WARN_EMPTY_BODY = YES;
				CLANG_WARN_ENUM_CONVERSION = YES;
				CLANG_WARN_INFINITE_RECURSION = YES;
				CLANG_WARN_INT_CONVERSION = YES;
				CLANG_WARN_NON_LITERAL_NULL_CONVERSION = YES;
				CLANG_WARN_OBJC_IMPLICIT_RETAIN_SELF = YES;
				CLANG_WARN_OBJC_LITERAL_CONVERSION = YES;
				CLANG_WARN_OBJC_ROOT_CLASS = YES_ERROR;
				CLANG_WARN_QUOTED_INCLUDE_IN_FRAMEWORK_HEADER = YES;
				CLANG_WARN_RANGE_LOOP_ANALYSIS = YES;
				CLANG_WARN_STRICT_PROTOTYPES = YES;
				CLANG_WARN_SUSPICIOUS_MOVE = YES;
				CLANG_WARN_UNGUARDED_AVAILABILITY = YES_AGGRESSIVE;
				CLANG_WARN_UNREACHABLE_CODE = YES;
				CLANG_WARN__DUPLICATE_METHOD_MATCH = YES;
				COPY_PHASE_STRIP = NO;
				DEBUG_INFORMATION_FORMAT = dwarf;
				ENABLE_STRICT_OBJC_MSGSEND = YES;
				ENABLE_TESTABILITY = YES;
				GCC_C_LANGUAGE_STANDARD = gnu11;
				GCC_DYNAMIC_NO_PIC = NO;
				GCC_NO_COMMON_BLOCKS = YES;
				GCC_OPTIMIZATION_LEVEL = 0;
				GCC_PREPROCESSOR_DEFINITIONS = (
					"DEBUG=1",
					"$(inherited)",
				);
				GCC_WARN_64_TO_32_BIT_CONVERSION = YES;
				GCC_WARN_ABOUT_RETURN_TYPE = YES_ERROR;
				GCC_WARN_UNDECLARED_SELECTOR = YES;
				GCC_WARN_UNINITIALIZED_AUTOS = YES_AGGRESSIVE;
				GCC_WARN_UNUSED_FUNCTION = YES;
				GCC_WARN_UNUSED_VARIABLE = YES;
				IPHONEOS_DEPLOYMENT_TARGET = 14.4;
				MTL_ENABLE_DEBUG_INFO = INCLUDE_SOURCE;
				MTL_FAST_MATH = YES;
				ONLY_ACTIVE_ARCH = YES;
				SDKROOT = iphoneos;
				SWIFT_ACTIVE_COMPILATION_CONDITIONS = DEBUG;
				SWIFT_OPTIMIZATION_LEVEL = "-Onone";
			};
			name = Debug;
		};
		B34BD94D2618D64F00C9FBC3 /* Release */ = {
			isa = XCBuildConfiguration;
			buildSettings = {
				ALWAYS_SEARCH_USER_PATHS = NO;
				CLANG_ANALYZER_NONNULL = YES;
				CLANG_ANALYZER_NUMBER_OBJECT_CONVERSION = YES_AGGRESSIVE;
				CLANG_CXX_LANGUAGE_STANDARD = "gnu++14";
				CLANG_CXX_LIBRARY = "libc++";
				CLANG_ENABLE_MODULES = YES;
				CLANG_ENABLE_OBJC_ARC = YES;
				CLANG_ENABLE_OBJC_WEAK = YES;
				CLANG_WARN_BLOCK_CAPTURE_AUTORELEASING = YES;
				CLANG_WARN_BOOL_CONVERSION = YES;
				CLANG_WARN_COMMA = YES;
				CLANG_WARN_CONSTANT_CONVERSION = YES;
				CLANG_WARN_DEPRECATED_OBJC_IMPLEMENTATIONS = YES;
				CLANG_WARN_DIRECT_OBJC_ISA_USAGE = YES_ERROR;
				CLANG_WARN_DOCUMENTATION_COMMENTS = YES;
				CLANG_WARN_EMPTY_BODY = YES;
				CLANG_WARN_ENUM_CONVERSION = YES;
				CLANG_WARN_INFINITE_RECURSION = YES;
				CLANG_WARN_INT_CONVERSION = YES;
				CLANG_WARN_NON_LITERAL_NULL_CONVERSION = YES;
				CLANG_WARN_OBJC_IMPLICIT_RETAIN_SELF = YES;
				CLANG_WARN_OBJC_LITERAL_CONVERSION = YES;
				CLANG_WARN_OBJC_ROOT_CLASS = YES_ERROR;
				CLANG_WARN_QUOTED_INCLUDE_IN_FRAMEWORK_HEADER = YES;
				CLANG_WARN_RANGE_LOOP_ANALYSIS = YES;
				CLANG_WARN_STRICT_PROTOTYPES = YES;
				CLANG_WARN_SUSPICIOUS_MOVE = YES;
				CLANG_WARN_UNGUARDED_AVAILABILITY = YES_AGGRESSIVE;
				CLANG_WARN_UNREACHABLE_CODE = YES;
				CLANG_WARN__DUPLICATE_METHOD_MATCH = YES;
				COPY_PHASE_STRIP = NO;
				DEBUG_INFORMATION_FORMAT = "dwarf-with-dsym";
				ENABLE_NS_ASSERTIONS = NO;
				ENABLE_STRICT_OBJC_MSGSEND = YES;
				GCC_C_LANGUAGE_STANDARD = gnu11;
				GCC_NO_COMMON_BLOCKS = YES;
				GCC_WARN_64_TO_32_BIT_CONVERSION = YES;
				GCC_WARN_ABOUT_RETURN_TYPE = YES_ERROR;
				GCC_WARN_UNDECLARED_SELECTOR = YES;
				GCC_WARN_UNINITIALIZED_AUTOS = YES_AGGRESSIVE;
				GCC_WARN_UNUSED_FUNCTION = YES;
				GCC_WARN_UNUSED_VARIABLE = YES;
				IPHONEOS_DEPLOYMENT_TARGET = 14.4;
				MTL_ENABLE_DEBUG_INFO = NO;
				MTL_FAST_MATH = YES;
				SDKROOT = iphoneos;
				SWIFT_COMPILATION_MODE = wholemodule;
				SWIFT_OPTIMIZATION_LEVEL = "-O";
				VALIDATE_PRODUCT = YES;
			};
			name = Release;
		};
		B34BD94F2618D64F00C9FBC3 /* Debug */ = {
			isa = XCBuildConfiguration;
			buildSettings = {
				ASSETCATALOG_COMPILER_APPICON_NAME = AppIcon;
				ASSETCATALOG_COMPILER_GLOBAL_ACCENT_COLOR_NAME = AccentColor;
				CODE_SIGN_STYLE = Automatic;
				DEVELOPMENT_TEAM = DDG47BLXBA;
				INFOPLIST_FILE = TrianglePrint/Info.plist;
				LD_RUNPATH_SEARCH_PATHS = (
					"$(inherited)",
					"@executable_path/Frameworks",
				);
				PRODUCT_BUNDLE_IDENTIFIER = com.twrotu.TrianglePrint;
				PRODUCT_NAME = "$(TARGET_NAME)";
				SWIFT_VERSION = 5.0;
				TARGETED_DEVICE_FAMILY = "1,2";
			};
			name = Debug;
		};
		B34BD9502618D64F00C9FBC3 /* Release */ = {
			isa = XCBuildConfiguration;
			buildSettings = {
				ASSETCATALOG_COMPILER_APPICON_NAME = AppIcon;
				ASSETCATALOG_COMPILER_GLOBAL_ACCENT_COLOR_NAME = AccentColor;
				CODE_SIGN_STYLE = Automatic;
				DEVELOPMENT_TEAM = DDG47BLXBA;
				INFOPLIST_FILE = TrianglePrint/Info.plist;
				LD_RUNPATH_SEARCH_PATHS = (
					"$(inherited)",
					"@executable_path/Frameworks",
				);
				PRODUCT_BUNDLE_IDENTIFIER = com.twrotu.TrianglePrint;
				PRODUCT_NAME = "$(TARGET_NAME)";
				SWIFT_VERSION = 5.0;
				TARGETED_DEVICE_FAMILY = "1,2";
			};
			name = Release;
		};
/* End XCBuildConfiguration section */

/* Begin XCConfigurationList section */
		B34BD9352618D64B00C9FBC3 /* Build configuration list for PBXProject "TrianglePrint" */ = {
			isa = XCConfigurationList;
			buildConfigurations = (
				B34BD94C2618D64F00C9FBC3 /* Debug */,
				B34BD94D2618D64F00C9FBC3 /* Release */,
			);
			defaultConfigurationIsVisible = 0;
			defaultConfigurationName = Release;
		};
		B34BD94E2618D64F00C9FBC3 /* Build configuration list for PBXNativeTarget "TrianglePrint" */ = {
			isa = XCConfigurationList;
			buildConfigurations = (
				B34BD94F2618D64F00C9FBC3 /* Debug */,
				B34BD9502618D64F00C9FBC3 /* Release */,
			);
			defaultConfigurationIsVisible = 0;
			defaultConfigurationName = Release;
		};
/* End XCConfigurationList section */
	};
	rootObject = B34BD9322618D64B00C9FBC3 /* Project object */;
}
